
Microsoft Visual Studio Solution File, Format Version 12.00
# Visual Studio Version 17
VisualStudioVersion = 17.11.35327.3
MinimumVisualStudioVersion = 10.0.40219.1
Project("{FAE04EC0-301F-11D3-BF4B-00C04F79EFBC}") = "SistemaGestionEmpleados", "SistemaGestionEmpleados\SistemaGestionEmpleados.csproj", "{94294E55-5A8D-4456-995C-752D9BECB036}"
EndProject
Global
	GlobalSection(SolutionConfigurationPlatforms) = preSolution
		Debug|Any CPU = Debug|Any CPU
		Release|Any CPU = Release|Any CPU
	EndGlobalSection
	GlobalSection(ProjectConfigurationPlatforms) = postSolution
		{94294E55-5A8D-4456-995C-752D9BECB036}.Debug|Any CPU.ActiveCfg = Debug|Any CPU
		{94294E55-5A8D-4456-995C-752D9BECB036}.Debug|Any CPU.Build.0 = Debug|Any CPU
		{94294E55-5A8D-4456-995C-752D9BECB036}.Release|Any CPU.ActiveCfg = Release|Any CPU
		{94294E55-5A8D-4456-995C-752D9BECB036}.Release|Any CPU.Build.0 = Release|Any CPU
	EndGlobalSection
	GlobalSection(SolutionProperties) = preSolution
		HideSolutionNode = FALSE
	EndGlobalSection
	GlobalSection(ExtensibilityGlobals) = postSolution
		SolutionGuid = {D0BD6AD5-0417-4AA1-9D1A-B3D2939D184D}
	EndGlobalSection
EndGlobal
